
Microsoft Visual Studio Solution File, Format Version 12.00
# Visual Studio Version 17
VisualStudioVersion = 17.4.33103.184
MinimumVisualStudioVersion = 10.0.40219.1
Project("{FAE04EC0-301F-11D3-BF4B-00C04F79EFBC}") = "Api_healthclinic", "Api_healthclinic.csproj", "{0B18F34D-BC0D-4612-B498-2572404BCF47}"
EndProject
Global
	GlobalSection(SolutionConfigurationPlatforms) = preSolution
		Debug|Any CPU = Debug|Any CPU
		Release|Any CPU = Release|Any CPU
	EndGlobalSection
	GlobalSection(ProjectConfigurationPlatforms) = postSolution
		{0B18F34D-BC0D-4612-B498-2572404BCF47}.Debug|Any CPU.ActiveCfg = Debug|Any CPU
		{0B18F34D-BC0D-4612-B498-2572404BCF47}.Debug|Any CPU.Build.0 = Debug|Any CPU
		{0B18F34D-BC0D-4612-B498-2572404BCF47}.Release|Any CPU.ActiveCfg = Release|Any CPU
		{0B18F34D-BC0D-4612-B498-2572404BCF47}.Release|Any CPU.Build.0 = Release|Any CPU
	EndGlobalSection
	GlobalSection(SolutionProperties) = preSolution
		HideSolutionNode = FALSE
	EndGlobalSection
	GlobalSection(ExtensibilityGlobals) = postSolution
		SolutionGuid = {0BBB3FC0-F9FC-4A2C-A262-F47FBF940909}
	EndGlobalSection
EndGlobal
